
Microsoft Visual Studio Solution File, Format Version 12.00
# Visual Studio Version 16
VisualStudioVersion = 16.0.32106.194
MinimumVisualStudioVersion = 10.0.40219.1
Project("{FAE04EC0-301F-11D3-BF4B-00C04F79EFBC}") = "Task1SparseMatrix", "Task1SparseMatrix\Task1SparseMatrix.csproj", "{D56D2929-CD04-4411-AB15-225EB3E72F1B}"
EndProject
Global
	GlobalSection(SolutionConfigurationPlatforms) = preSolution
		Debug|Any CPU = Debug|Any CPU
		Release|Any CPU = Release|Any CPU
	EndGlobalSection
	GlobalSection(ProjectConfigurationPlatforms) = postSolution
		{D56D2929-CD04-4411-AB15-225EB3E72F1B}.Debug|Any CPU.ActiveCfg = Debug|Any CPU
		{D56D2929-CD04-4411-AB15-225EB3E72F1B}.Debug|Any CPU.Build.0 = Debug|Any CPU
		{D56D2929-CD04-4411-AB15-225EB3E72F1B}.Release|Any CPU.ActiveCfg = Release|Any CPU
		{D56D2929-CD04-4411-AB15-225EB3E72F1B}.Release|Any CPU.Build.0 = Release|Any CPU
	EndGlobalSection
	GlobalSection(SolutionProperties) = preSolution
		HideSolutionNode = FALSE
	EndGlobalSection
	GlobalSection(ExtensibilityGlobals) = postSolution
		SolutionGuid = {4A3545C9-B906-4FC5-84A2-E558E141085B}
	EndGlobalSection
EndGlobal
