
Microsoft Visual Studio Solution File, Format Version 12.00
# Visual Studio Version 16
VisualStudioVersion = 16.0.31911.196
MinimumVisualStudioVersion = 10.0.40219.1
Project("{FAE04EC0-301F-11D3-BF4B-00C04F79EFBC}") = "Task1TernaryNumbers", "Task1TernaryNumbers\Task1TernaryNumbers.csproj", "{64A7983D-FFD7-4F56-95E0-67DC89B6F9F4}"
EndProject
Global
	GlobalSection(SolutionConfigurationPlatforms) = preSolution
		Debug|Any CPU = Debug|Any CPU
		Release|Any CPU = Release|Any CPU
	EndGlobalSection
	GlobalSection(ProjectConfigurationPlatforms) = postSolution
		{64A7983D-FFD7-4F56-95E0-67DC89B6F9F4}.Debug|Any CPU.ActiveCfg = Debug|Any CPU
		{64A7983D-FFD7-4F56-95E0-67DC89B6F9F4}.Debug|Any CPU.Build.0 = Debug|Any CPU
		{64A7983D-FFD7-4F56-95E0-67DC89B6F9F4}.Release|Any CPU.ActiveCfg = Release|Any CPU
		{64A7983D-FFD7-4F56-95E0-67DC89B6F9F4}.Release|Any CPU.Build.0 = Release|Any CPU
	EndGlobalSection
	GlobalSection(SolutionProperties) = preSolution
		HideSolutionNode = FALSE
	EndGlobalSection
	GlobalSection(ExtensibilityGlobals) = postSolution
		SolutionGuid = {46421641-D035-4DE5-96FD-5616A45B9B6A}
	EndGlobalSection
EndGlobal
