
Microsoft Visual Studio Solution File, Format Version 12.00
# Visual Studio Version 16
VisualStudioVersion = 16.0.31911.196
MinimumVisualStudioVersion = 10.0.40219.1
Project("{FAE04EC0-301F-11D3-BF4B-00C04F79EFBC}") = "Task1GenericDiagonalMatrix", "Task1GenericDiagonalMatrix\Task1GenericDiagonalMatrix.csproj", "{FD78DB89-78F8-4402-81DD-50D44FA2E51D}"
EndProject
Global
	GlobalSection(SolutionConfigurationPlatforms) = preSolution
		Debug|Any CPU = Debug|Any CPU
		Release|Any CPU = Release|Any CPU
	EndGlobalSection
	GlobalSection(ProjectConfigurationPlatforms) = postSolution
		{FD78DB89-78F8-4402-81DD-50D44FA2E51D}.Debug|Any CPU.ActiveCfg = Debug|Any CPU
		{FD78DB89-78F8-4402-81DD-50D44FA2E51D}.Debug|Any CPU.Build.0 = Debug|Any CPU
		{FD78DB89-78F8-4402-81DD-50D44FA2E51D}.Release|Any CPU.ActiveCfg = Release|Any CPU
		{FD78DB89-78F8-4402-81DD-50D44FA2E51D}.Release|Any CPU.Build.0 = Release|Any CPU
	EndGlobalSection
	GlobalSection(SolutionProperties) = preSolution
		HideSolutionNode = FALSE
	EndGlobalSection
	GlobalSection(ExtensibilityGlobals) = postSolution
		SolutionGuid = {D2458011-9496-4D82-93AD-D4B48A9377DA}
	EndGlobalSection
EndGlobal
